
Microsoft Visual Studio Solution File, Format Version 12.00
# Visual Studio Version 17
VisualStudioVersion = 17.9.34723.18
MinimumVisualStudioVersion = 17.9.34723.18
Project("{2150E333-8FDC-42A3-9474-1A3956D46DE8}") = "Framework", "Framework", "{A5A52329-49D0-4CE0-BA3E-DBD2BA90988F}"
EndProject
Project("{2150E333-8FDC-42A3-9474-1A3956D46DE8}") = "Content.Pipeline", "Content.Pipeline", "{F2A58A8B-F174-48E0-BE84-F221C705CE27}"
EndProject
Project("{2150E333-8FDC-42A3-9474-1A3956D46DE8}") = "Platforms", "Platforms", "{9E8F9D1A-DEF1-4FA1-8DE9-0A82B7BC99D9}"
EndProject
Project("{2150E333-8FDC-42A3-9474-1A3956D46DE8}") = "Tools", "Tools", "{753EFCC6-42AB-433E-A013-B7B5D1FE50E0}"
EndProject
Project("{2150E333-8FDC-42A3-9474-1A3956D46DE8}") = "Tests", "Tests", "{94670BA5-3B36-4EBA-A3E0-27912F6BD11A}"
EndProject
Project("{2150E333-8FDC-42A3-9474-1A3956D46DE8}") = "Benchmarks", "Benchmarks", "{4C7DF6E2-94B3-4C09-A49D-C70922861A48}"
EndProject
Project("{9A19103F-16F7-4668-BE54-9A1E7A4F7556}") = "Xna.Framework", "src\Xna.Framework\Xna.Framework.csproj", "{741B4B1E-89E4-434C-8867-6129838AFD51}"
EndProject
Project("{9A19103F-16F7-4668-BE54-9A1E7A4F7556}") = "Xna.Framework.Content", "src\Xna.Framework.Content\Xna.Framework.Content.csproj", "{1DC4C439-A8A6-4A11-AB3B-A88DCBA05449}"
EndProject
Project("{9A19103F-16F7-4668-BE54-9A1E7A4F7556}") = "Xna.Framework.Graphics", "src\Xna.Framework.Graphics\Xna.Framework.Graphics.csproj", "{4B8D3F73-BBD2-4057-B86B-8B73B957DC0F}"
EndProject
Project("{9A19103F-16F7-4668-BE54-9A1E7A4F7556}") = "Xna.Framework.Audio", "src\Xna.Framework.Audio\Xna.Framework.Audio.csproj", "{3F81F76D-F0F3-44FE-A256-40AF153C33F7}"
EndProject
Project("{9A19103F-16F7-4668-BE54-9A1E7A4F7556}") = "Xna.Framework.Media", "src\Xna.Framework.Media\Xna.Framework.Media.csproj", "{6E0E6284-13FF-4DC7-8FC2-B6D756EAF1FD}"
EndProject
Project("{9A19103F-16F7-4668-BE54-9A1E7A4F7556}") = "Xna.Framework.Input", "src\Xna.Framework.Input\Xna.Framework.Input.csproj", "{8FB8B257-C091-4C41-B221-75C37B68CD8F}"
EndProject
Project("{9A19103F-16F7-4668-BE54-9A1E7A4F7556}") = "Xna.Framework.Game", "src\Xna.Framework.Game\Xna.Framework.Game.csproj", "{90BBD6EF-F386-4F47-88CD-BF386C7D1705}"
EndProject
Project("{9A19103F-16F7-4668-BE54-9A1E7A4F7556}") = "Xna.Framework.Devices", "src\Xna.Framework.Devices\Xna.Framework.Devices.csproj", "{6B3E56F7-C567-463C-9746-0244FD959322}"
EndProject
Project("{9A19103F-16F7-4668-BE54-9A1E7A4F7556}") = "Xna.Framework.Storage", "src\Xna.Framework.Storage\Xna.Framework.Storage.csproj", "{7AE82BAB-5F52-427A-8F6F-DA829261FF9C}"
EndProject
Project("{FAE04EC0-301F-11D3-BF4B-00C04F79EFBC}") = "Xna.Framework.XR", "src\Xna.Framework.XR\Xna.Framework.XR.csproj", "{6D0D985D-B256-4208-9E78-77897D461698}"
EndProject
Project("{9A19103F-16F7-4668-BE54-9A1E7A4F7556}") = "Xna.Framework.Design", "src\Xna.Framework.Design\Xna.Framework.Design.csproj", "{E37F98D7-C4E8-4556-B322-AEF99638ECE1}"
EndProject
Project("{9A19103F-16F7-4668-BE54-9A1E7A4F7556}") = "Xna.Framework.Content.Pipeline", "src\Xna.Framework.Content.Pipeline\Xna.Framework.Content.Pipeline.csproj", "{73509F44-3566-4B79-BB47-C7C6E2AA2351}"
EndProject
Project("{9A19103F-16F7-4668-BE54-9A1E7A4F7556}") = "Xna.Framework.Content.Pipeline.Graphics", "src\Xna.Framework.Content.Pipeline.Graphics\Xna.Framework.Content.Pipeline.Graphics.csproj", "{7A3FA1D0-1B03-49CB-9E1B-B9DBF27D74B1}"
EndProject
Project("{9A19103F-16F7-4668-BE54-9A1E7A4F7556}") = "Xna.Framework.Content.Pipeline.Graphics.MojoProcessor", "src\Xna.Framework.Content.Pipeline.Graphics.MojoProcessor\Xna.Framework.Content.Pipeline.Graphics.MojoProcessor.csproj", "{476EE43E-E93B-4019-B8B7-AD52C4216456}"
EndProject
Project("{9A19103F-16F7-4668-BE54-9A1E7A4F7556}") = "Xna.Framework.Content.Pipeline.Audio", "src\Xna.Framework.Content.Pipeline.Audio\Xna.Framework.Content.Pipeline.Audio.csproj", "{ACD26013-5730-4CAF-9468-3BAAE867A8A2}"
EndProject
Project("{9A19103F-16F7-4668-BE54-9A1E7A4F7556}") = "Xna.Framework.Content.Pipeline.Media", "src\Xna.Framework.Content.Pipeline.Media\Xna.Framework.Content.Pipeline.Media.csproj", "{63486463-8AEE-483E-862A-7720CD62B4DF}"
EndProject
Project("{9A19103F-16F7-4668-BE54-9A1E7A4F7556}") = "Kni.Platform.Android.GL", "Platforms\Kni.Platform.Android.GL.csproj", "{CF09A088-6F64-4FA3-8FF8-E5B39F8BB0E6}"
EndProject
Project("{FAE04EC0-301F-11D3-BF4B-00C04F79EFBC}") = "Kni.Platform.Android.GL.Xamarin", "Platforms\Kni.Platform.Android.GL.Xamarin.csproj", "{BA9476CF-99BA-4D03-92F2-73D2C5E58883}"
EndProject
Project("{9A19103F-16F7-4668-BE54-9A1E7A4F7556}") = "Kni.Platform.Blazor.GL", "Platforms\Kni.Platform.Blazor.GL.csproj", "{E442B4FA-5F28-40AC-92C2-2979786418D3}"
EndProject
Project("{9A19103F-16F7-4668-BE54-9A1E7A4F7556}") = "Kni.Platform.Cardboard.GL", "Platforms\Kni.Platform.Cardboard.GL.csproj", "{BF257928-8B5D-4371-BD03-C18DA71918C3}"
EndProject
Project("{9A19103F-16F7-4668-BE54-9A1E7A4F7556}") = "Kni.Platform.SDL2.GL", "Platforms\Kni.Platform.SDL2.GL.csproj", "{6D75E618-19CA-4C51-9546-F10965FBC0B8}"
EndProject
Project("{9A19103F-16F7-4668-BE54-9A1E7A4F7556}") = "Kni.Platform.iOS.GL", "Platforms\Kni.Platform.iOS.GL.csproj", "{D93291EF-3419-412E-BC56-376BD6A02224}"
EndProject
Project("{9A19103F-16F7-4668-BE54-9A1E7A4F7556}") = "Kni.Platform.Ref", "Platforms\Kni.Platform.Ref.csproj", "{2ACF610C-9188-4F16-A611-577C1223DD90}"
EndProject
Project("{FAE04EC0-301F-11D3-BF4B-00C04F79EFBC}") = "Kni.Platform.UAP.DX11", "Platforms\Kni.Platform.UAP.DX11.csproj", "{09C41A48-7BF3-4A46-9EB8-CE95B4C27CA9}"
EndProject
Project("{9A19103F-16F7-4668-BE54-9A1E7A4F7556}") = "Kni.Platform.WinForms.DX11", "Platforms\Kni.Platform.WinForms.DX11.csproj", "{7DE47032-A904-4C29-BD22-2D235E8D91BA}"
EndProject
Project("{9A19103F-16F7-4668-BE54-9A1E7A4F7556}") = "Kni.Platform.WinForms.DX11.OculusOVR", "Platforms\Kni.Platform.WinForms.DX11.OculusOVR.csproj", "{9DE8C1A3-25EB-4FD7-A0B6-34720AD48B47}"
EndProject
Project("{9A19103F-16F7-4668-BE54-9A1E7A4F7556}") = "EffectCompiler", "Tools\EffectCompiler\EffectCompiler.csproj", "{46474D32-2E58-6957-6E64-6F7773324D47}"
EndProject
Project("{9A19103F-16F7-4668-BE54-9A1E7A4F7556}") = "MGCB", "Tools\MonoGame.Content.Builder\MGCB.csproj", "{4243474D-572E-6E69-646F-77734D474342}"
EndProject
Project("{9A19103F-16F7-4668-BE54-9A1E7A4F7556}") = "Content.Pipeline.Editor.net8", "Tools\Content.Pipeline.Editor.WinForms\Content.Pipeline.Editor.net8.csproj", "{5212C44E-1573-43C2-85E8-5751A12FBBFD}"
EndProject
Project("{9A19103F-16F7-4668-BE54-9A1E7A4F7556}") = "Kni.Tests.SDL2.GL", "Tests\Kni.Tests.SDL2.GL.csproj", "{DED2DDB6-D4BE-B1B4-2E54-657374732E57}"
EndProject
Project("{9A19103F-16F7-4668-BE54-9A1E7A4F7556}") = "Kni.Tests.WinForms.DX11", "Tests\Kni.Tests.WinForms.DX11.csproj", "{DED2DDB6-D4BE-656D-2E54-657374732E57}"
EndProject
Project("{9A19103F-16F7-4668-BE54-9A1E7A4F7556}") = "Kni.Platform.Oculus.GL", "Platforms\Kni.Platform.Oculus.GL.csproj", "{3472997A-CD26-4D0D-B64A-795F913E6777}"
EndProject
Project("{2150E333-8FDC-42A3-9474-1A3956D46DE8}") = "Submodules", "Submodules", "{02EA681E-C7D8-13C7-8484-4AC65E1B71E8}"
EndProject
Project("{FAE04EC0-301F-11D3-BF4B-00C04F79EFBC}") = "Wasm.Audio", "Submodules\WasmSB\Wasm.Audio\Wasm.Audio.csproj", "{E7A911B6-303B-F8BF-1F0B-C7D9A9022DBF}"
EndProject
Project("{FAE04EC0-301F-11D3-BF4B-00C04F79EFBC}") = "Wasm.Canvas", "Submodules\WasmSB\Wasm.Canvas\Wasm.Canvas.csproj", "{B499F1F9-EAE6-9C74-A414-2802E203A6D8}"
EndProject
Project("{FAE04EC0-301F-11D3-BF4B-00C04F79EFBC}") = "Wasm.JSInterop", "Submodules\WasmSB\Wasm.JSInterop\Wasm.JSInterop.csproj", "{67870835-B31D-BC3F-AF47-26F2DB72F1FA}"
EndProject
Project("{FAE04EC0-301F-11D3-BF4B-00C04F79EFBC}") = "Wasm.Clipboard", "Submodules\WasmSB\Wasm.Clipboard\Wasm.Clipboard.csproj", "{1866BD72-6981-B1A7-A22E-614404686DAD}"
EndProject
Project("{FAE04EC0-301F-11D3-BF4B-00C04F79EFBC}") = "Wasm.Dom", "Submodules\WasmSB\Wasm.Dom\Wasm.Dom.csproj", "{99A0BB26-2B61-ED74-9EF3-F5DEBEC8DAA3}"
EndProject
Project("{FAE04EC0-301F-11D3-BF4B-00C04F79EFBC}") = "Wasm.XHR", "Submodules\WasmSB\Wasm.XHR\Wasm.XHR.csproj", "{5CE83C4D-1C1D-421D-A163-B56AFF4F3700}"
EndProject
Project("{FAE04EC0-301F-11D3-BF4B-00C04F79EFBC}") = "Wasm.XR", "Submodules\WasmSB\Wasm.XR\Wasm.XR.csproj", "{AC6031B6-C54F-1A39-CDC0-F04F0A8A8AF6}"
EndProject
Global
	GlobalSection(SolutionConfigurationPlatforms) = preSolution
		Debug|Any CPU = Debug|Any CPU
		Release|Any CPU = Release|Any CPU
	EndGlobalSection
	GlobalSection(ProjectConfigurationPlatforms) = postSolution
		{741B4B1E-89E4-434C-8867-6129838AFD51}.Debug|Any CPU.ActiveCfg = Debug|Any CPU
		{741B4B1E-89E4-434C-8867-6129838AFD51}.Debug|Any CPU.Build.0 = Debug|Any CPU
		{741B4B1E-89E4-434C-8867-6129838AFD51}.Release|Any CPU.ActiveCfg = Release|Any CPU
		{741B4B1E-89E4-434C-8867-6129838AFD51}.Release|Any CPU.Build.0 = Release|Any CPU
		{1DC4C439-A8A6-4A11-AB3B-A88DCBA05449}.Debug|Any CPU.ActiveCfg = Debug|Any CPU
		{1DC4C439-A8A6-4A11-AB3B-A88DCBA05449}.Debug|Any CPU.Build.0 = Debug|Any CPU
		{1DC4C439-A8A6-4A11-AB3B-A88DCBA05449}.Release|Any CPU.ActiveCfg = Release|Any CPU
		{1DC4C439-A8A6-4A11-AB3B-A88DCBA05449}.Release|Any CPU.Build.0 = Release|Any CPU
		{4B8D3F73-BBD2-4057-B86B-8B73B957DC0F}.Debug|Any CPU.ActiveCfg = Debug|Any CPU
		{4B8D3F73-BBD2-4057-B86B-8B73B957DC0F}.Debug|Any CPU.Build.0 = Debug|Any CPU
		{4B8D3F73-BBD2-4057-B86B-8B73B957DC0F}.Release|Any CPU.ActiveCfg = Release|Any CPU
		{4B8D3F73-BBD2-4057-B86B-8B73B957DC0F}.Release|Any CPU.Build.0 = Release|Any CPU
		{3F81F76D-F0F3-44FE-A256-40AF153C33F7}.Debug|Any CPU.ActiveCfg = Debug|Any CPU
		{3F81F76D-F0F3-44FE-A256-40AF153C33F7}.Debug|Any CPU.Build.0 = Debug|Any CPU
		{3F81F76D-F0F3-44FE-A256-40AF153C33F7}.Release|Any CPU.ActiveCfg = Release|Any CPU
		{3F81F76D-F0F3-44FE-A256-40AF153C33F7}.Release|Any CPU.Build.0 = Release|Any CPU
		{6E0E6284-13FF-4DC7-8FC2-B6D756EAF1FD}.Debug|Any CPU.ActiveCfg = Debug|Any CPU
		{6E0E6284-13FF-4DC7-8FC2-B6D756EAF1FD}.Debug|Any CPU.Build.0 = Debug|Any CPU
		{6E0E6284-13FF-4DC7-8FC2-B6D756EAF1FD}.Release|Any CPU.ActiveCfg = Release|Any CPU
		{6E0E6284-13FF-4DC7-8FC2-B6D756EAF1FD}.Release|Any CPU.Build.0 = Release|Any CPU
		{8FB8B257-C091-4C41-B221-75C37B68CD8F}.Debug|Any CPU.ActiveCfg = Debug|Any CPU
		{8FB8B257-C091-4C41-B221-75C37B68CD8F}.Debug|Any CPU.Build.0 = Debug|Any CPU
		{8FB8B257-C091-4C41-B221-75C37B68CD8F}.Release|Any CPU.ActiveCfg = Release|Any CPU
		{8FB8B257-C091-4C41-B221-75C37B68CD8F}.Release|Any CPU.Build.0 = Release|Any CPU
		{90BBD6EF-F386-4F47-88CD-BF386C7D1705}.Debug|Any CPU.ActiveCfg = Debug|Any CPU
		{90BBD6EF-F386-4F47-88CD-BF386C7D1705}.Debug|Any CPU.Build.0 = Debug|Any CPU
		{90BBD6EF-F386-4F47-88CD-BF386C7D1705}.Release|Any CPU.ActiveCfg = Release|Any CPU
		{90BBD6EF-F386-4F47-88CD-BF386C7D1705}.Release|Any CPU.Build.0 = Release|Any CPU
		{6B3E56F7-C567-463C-9746-0244FD959322}.Debug|Any CPU.ActiveCfg = Debug|Any CPU
		{6B3E56F7-C567-463C-9746-0244FD959322}.Debug|Any CPU.Build.0 = Debug|Any CPU
		{6B3E56F7-C567-463C-9746-0244FD959322}.Release|Any CPU.ActiveCfg = Release|Any CPU
		{6B3E56F7-C567-463C-9746-0244FD959322}.Release|Any CPU.Build.0 = Release|Any CPU
		{7AE82BAB-5F52-427A-8F6F-DA829261FF9C}.Debug|Any CPU.ActiveCfg = Debug|Any CPU
		{7AE82BAB-5F52-427A-8F6F-DA829261FF9C}.Debug|Any CPU.Build.0 = Debug|Any CPU
		{7AE82BAB-5F52-427A-8F6F-DA829261FF9C}.Release|Any CPU.ActiveCfg = Release|Any CPU
		{7AE82BAB-5F52-427A-8F6F-DA829261FF9C}.Release|Any CPU.Build.0 = Release|Any CPU
		{6D0D985D-B256-4208-9E78-77897D461698}.Debug|Any CPU.ActiveCfg = Debug|Any CPU
		{6D0D985D-B256-4208-9E78-77897D461698}.Debug|Any CPU.Build.0 = Debug|Any CPU
		{6D0D985D-B256-4208-9E78-77897D461698}.Release|Any CPU.ActiveCfg = Release|Any CPU
		{6D0D985D-B256-4208-9E78-77897D461698}.Release|Any CPU.Build.0 = Release|Any CPU
		{E37F98D7-C4E8-4556-B322-AEF99638ECE1}.Debug|Any CPU.ActiveCfg = Debug|Any CPU
		{E37F98D7-C4E8-4556-B322-AEF99638ECE1}.Debug|Any CPU.Build.0 = Debug|Any CPU
		{E37F98D7-C4E8-4556-B322-AEF99638ECE1}.Release|Any CPU.ActiveCfg = Release|Any CPU
		{E37F98D7-C4E8-4556-B322-AEF99638ECE1}.Release|Any CPU.Build.0 = Release|Any CPU
		{73509F44-3566-4B79-BB47-C7C6E2AA2351}.Debug|Any CPU.ActiveCfg = Debug|Any CPU
		{73509F44-3566-4B79-BB47-C7C6E2AA2351}.Debug|Any CPU.Build.0 = Debug|Any CPU
		{73509F44-3566-4B79-BB47-C7C6E2AA2351}.Release|Any CPU.ActiveCfg = Release|Any CPU
		{73509F44-3566-4B79-BB47-C7C6E2AA2351}.Release|Any CPU.Build.0 = Release|Any CPU
		{7A3FA1D0-1B03-49CB-9E1B-B9DBF27D74B1}.Debug|Any CPU.ActiveCfg = Debug|Any CPU
		{7A3FA1D0-1B03-49CB-9E1B-B9DBF27D74B1}.Debug|Any CPU.Build.0 = Debug|Any CPU
		{7A3FA1D0-1B03-49CB-9E1B-B9DBF27D74B1}.Release|Any CPU.ActiveCfg = Release|Any CPU
		{7A3FA1D0-1B03-49CB-9E1B-B9DBF27D74B1}.Release|Any CPU.Build.0 = Release|Any CPU
		{476EE43E-E93B-4019-B8B7-AD52C4216456}.Debug|Any CPU.ActiveCfg = Debug|Any CPU
		{476EE43E-E93B-4019-B8B7-AD52C4216456}.Debug|Any CPU.Build.0 = Debug|Any CPU
		{476EE43E-E93B-4019-B8B7-AD52C4216456}.Release|Any CPU.ActiveCfg = Release|Any CPU
		{476EE43E-E93B-4019-B8B7-AD52C4216456}.Release|Any CPU.Build.0 = Release|Any CPU
		{ACD26013-5730-4CAF-9468-3BAAE867A8A2}.Debug|Any CPU.ActiveCfg = Debug|Any CPU
		{ACD26013-5730-4CAF-9468-3BAAE867A8A2}.Debug|Any CPU.Build.0 = Debug|Any CPU
		{ACD26013-5730-4CAF-9468-3BAAE867A8A2}.Release|Any CPU.ActiveCfg = Release|Any CPU
		{ACD26013-5730-4CAF-9468-3BAAE867A8A2}.Release|Any CPU.Build.0 = Release|Any CPU
		{63486463-8AEE-483E-862A-7720CD62B4DF}.Debug|Any CPU.ActiveCfg = Debug|Any CPU
		{63486463-8AEE-483E-862A-7720CD62B4DF}.Debug|Any CPU.Build.0 = Debug|Any CPU
		{63486463-8AEE-483E-862A-7720CD62B4DF}.Release|Any CPU.ActiveCfg = Release|Any CPU
		{63486463-8AEE-483E-862A-7720CD62B4DF}.Release|Any CPU.Build.0 = Release|Any CPU
		{CF09A088-6F64-4FA3-8FF8-E5B39F8BB0E6}.Debug|Any CPU.ActiveCfg = Debug|Any CPU
		{CF09A088-6F64-4FA3-8FF8-E5B39F8BB0E6}.Debug|Any CPU.Build.0 = Debug|Any CPU
		{CF09A088-6F64-4FA3-8FF8-E5B39F8BB0E6}.Release|Any CPU.ActiveCfg = Release|Any CPU
		{CF09A088-6F64-4FA3-8FF8-E5B39F8BB0E6}.Release|Any CPU.Build.0 = Release|Any CPU
		{BA9476CF-99BA-4D03-92F2-73D2C5E58883}.Debug|Any CPU.ActiveCfg = Debug|Any CPU
		{BA9476CF-99BA-4D03-92F2-73D2C5E58883}.Debug|Any CPU.Build.0 = Debug|Any CPU
		{BA9476CF-99BA-4D03-92F2-73D2C5E58883}.Release|Any CPU.ActiveCfg = Release|Any CPU
		{BA9476CF-99BA-4D03-92F2-73D2C5E58883}.Release|Any CPU.Build.0 = Release|Any CPU
		{E442B4FA-5F28-40AC-92C2-2979786418D3}.Debug|Any CPU.ActiveCfg = Debug|Any CPU
		{E442B4FA-5F28-40AC-92C2-2979786418D3}.Debug|Any CPU.Build.0 = Debug|Any CPU
		{E442B4FA-5F28-40AC-92C2-2979786418D3}.Release|Any CPU.ActiveCfg = Release|Any CPU
		{E442B4FA-5F28-40AC-92C2-2979786418D3}.Release|Any CPU.Build.0 = Release|Any CPU
		{BF257928-8B5D-4371-BD03-C18DA71918C3}.Debug|Any CPU.ActiveCfg = Debug|Any CPU
		{BF257928-8B5D-4371-BD03-C18DA71918C3}.Debug|Any CPU.Build.0 = Debug|Any CPU
		{BF257928-8B5D-4371-BD03-C18DA71918C3}.Release|Any CPU.ActiveCfg = Release|Any CPU
		{BF257928-8B5D-4371-BD03-C18DA71918C3}.Release|Any CPU.Build.0 = Release|Any CPU
		{6D75E618-19CA-4C51-9546-F10965FBC0B8}.Debug|Any CPU.ActiveCfg = Debug|Any CPU
		{6D75E618-19CA-4C51-9546-F10965FBC0B8}.Debug|Any CPU.Build.0 = Debug|Any CPU
		{6D75E618-19CA-4C51-9546-F10965FBC0B8}.Release|Any CPU.ActiveCfg = Release|Any CPU
		{6D75E618-19CA-4C51-9546-F10965FBC0B8}.Release|Any CPU.Build.0 = Release|Any CPU
		{D93291EF-3419-412E-BC56-376BD6A02224}.Debug|Any CPU.ActiveCfg = Debug|Any CPU
		{D93291EF-3419-412E-BC56-376BD6A02224}.Debug|Any CPU.Build.0 = Debug|Any CPU
		{D93291EF-3419-412E-BC56-376BD6A02224}.Release|Any CPU.ActiveCfg = Release|Any CPU
		{D93291EF-3419-412E-BC56-376BD6A02224}.Release|Any CPU.Build.0 = Release|Any CPU
		{2ACF610C-9188-4F16-A611-577C1223DD90}.Debug|Any CPU.ActiveCfg = Debug|Any CPU
		{2ACF610C-9188-4F16-A611-577C1223DD90}.Debug|Any CPU.Build.0 = Debug|Any CPU
		{2ACF610C-9188-4F16-A611-577C1223DD90}.Release|Any CPU.ActiveCfg = Release|Any CPU
		{2ACF610C-9188-4F16-A611-577C1223DD90}.Release|Any CPU.Build.0 = Release|Any CPU
		{09C41A48-7BF3-4A46-9EB8-CE95B4C27CA9}.Debug|Any CPU.ActiveCfg = Debug|Any CPU
		{09C41A48-7BF3-4A46-9EB8-CE95B4C27CA9}.Debug|Any CPU.Build.0 = Debug|Any CPU
		{09C41A48-7BF3-4A46-9EB8-CE95B4C27CA9}.Release|Any CPU.ActiveCfg = Release|Any CPU
		{09C41A48-7BF3-4A46-9EB8-CE95B4C27CA9}.Release|Any CPU.Build.0 = Release|Any CPU
		{7DE47032-A904-4C29-BD22-2D235E8D91BA}.Debug|Any CPU.ActiveCfg = Debug|Any CPU
		{7DE47032-A904-4C29-BD22-2D235E8D91BA}.Debug|Any CPU.Build.0 = Debug|Any CPU
		{7DE47032-A904-4C29-BD22-2D235E8D91BA}.Release|Any CPU.ActiveCfg = Release|Any CPU
		{7DE47032-A904-4C29-BD22-2D235E8D91BA}.Release|Any CPU.Build.0 = Release|Any CPU
		{9DE8C1A3-25EB-4FD7-A0B6-34720AD48B47}.Debug|Any CPU.ActiveCfg = Debug|Any CPU
		{9DE8C1A3-25EB-4FD7-A0B6-34720AD48B47}.Debug|Any CPU.Build.0 = Debug|Any CPU
		{9DE8C1A3-25EB-4FD7-A0B6-34720AD48B47}.Release|Any CPU.ActiveCfg = Release|Any CPU
		{9DE8C1A3-25EB-4FD7-A0B6-34720AD48B47}.Release|Any CPU.Build.0 = Release|Any CPU
		{46474D32-2E58-6957-6E64-6F7773324D47}.Debug|Any CPU.ActiveCfg = Debug|Any CPU
		{46474D32-2E58-6957-6E64-6F7773324D47}.Debug|Any CPU.Build.0 = Debug|Any CPU
		{46474D32-2E58-6957-6E64-6F7773324D47}.Release|Any CPU.ActiveCfg = Release|Any CPU
		{46474D32-2E58-6957-6E64-6F7773324D47}.Release|Any CPU.Build.0 = Release|Any CPU
		{4243474D-572E-6E69-646F-77734D474342}.Debug|Any CPU.ActiveCfg = Debug|Any CPU
		{4243474D-572E-6E69-646F-77734D474342}.Debug|Any CPU.Build.0 = Debug|Any CPU
		{4243474D-572E-6E69-646F-77734D474342}.Release|Any CPU.ActiveCfg = Release|Any CPU
		{4243474D-572E-6E69-646F-77734D474342}.Release|Any CPU.Build.0 = Release|Any CPU
		{5212C44E-1573-43C2-85E8-5751A12FBBFD}.Debug|Any CPU.ActiveCfg = Debug|Any CPU
		{5212C44E-1573-43C2-85E8-5751A12FBBFD}.Debug|Any CPU.Build.0 = Debug|Any CPU
		{5212C44E-1573-43C2-85E8-5751A12FBBFD}.Release|Any CPU.ActiveCfg = Release|Any CPU
		{5212C44E-1573-43C2-85E8-5751A12FBBFD}.Release|Any CPU.Build.0 = Release|Any CPU
		{DED2DDB6-D4BE-B1B4-2E54-657374732E57}.Debug|Any CPU.ActiveCfg = Debug|Any CPU
		{DED2DDB6-D4BE-B1B4-2E54-657374732E57}.Debug|Any CPU.Build.0 = Debug|Any CPU
		{DED2DDB6-D4BE-B1B4-2E54-657374732E57}.Release|Any CPU.ActiveCfg = Release|Any CPU
		{DED2DDB6-D4BE-B1B4-2E54-657374732E57}.Release|Any CPU.Build.0 = Release|Any CPU
		{DED2DDB6-D4BE-656D-2E54-657374732E57}.Debug|Any CPU.ActiveCfg = Debug|Any CPU
		{DED2DDB6-D4BE-656D-2E54-657374732E57}.Debug|Any CPU.Build.0 = Debug|Any CPU
		{DED2DDB6-D4BE-656D-2E54-657374732E57}.Release|Any CPU.ActiveCfg = Release|Any CPU
		{DED2DDB6-D4BE-656D-2E54-657374732E57}.Release|Any CPU.Build.0 = Release|Any CPU
		{3472997A-CD26-4D0D-B64A-795F913E6777}.Debug|Any CPU.ActiveCfg = Debug|Any CPU
		{3472997A-CD26-4D0D-B64A-795F913E6777}.Debug|Any CPU.Build.0 = Debug|Any CPU
		{3472997A-CD26-4D0D-B64A-795F913E6777}.Release|Any CPU.ActiveCfg = Release|Any CPU
		{3472997A-CD26-4D0D-B64A-795F913E6777}.Release|Any CPU.Build.0 = Release|Any CPU
		{E7A911B6-303B-F8BF-1F0B-C7D9A9022DBF}.Debug|Any CPU.ActiveCfg = Debug|Any CPU
		{E7A911B6-303B-F8BF-1F0B-C7D9A9022DBF}.Debug|Any CPU.Build.0 = Debug|Any CPU
		{E7A911B6-303B-F8BF-1F0B-C7D9A9022DBF}.Release|Any CPU.ActiveCfg = Release|Any CPU
		{E7A911B6-303B-F8BF-1F0B-C7D9A9022DBF}.Release|Any CPU.Build.0 = Release|Any CPU
		{B499F1F9-EAE6-9C74-A414-2802E203A6D8}.Debug|Any CPU.ActiveCfg = Debug|Any CPU
		{B499F1F9-EAE6-9C74-A414-2802E203A6D8}.Debug|Any CPU.Build.0 = Debug|Any CPU
		{B499F1F9-EAE6-9C74-A414-2802E203A6D8}.Release|Any CPU.ActiveCfg = Release|Any CPU
		{B499F1F9-EAE6-9C74-A414-2802E203A6D8}.Release|Any CPU.Build.0 = Release|Any CPU
		{67870835-B31D-BC3F-AF47-26F2DB72F1FA}.Debug|Any CPU.ActiveCfg = Debug|Any CPU
		{67870835-B31D-BC3F-AF47-26F2DB72F1FA}.Debug|Any CPU.Build.0 = Debug|Any CPU
		{67870835-B31D-BC3F-AF47-26F2DB72F1FA}.Release|Any CPU.ActiveCfg = Release|Any CPU
		{67870835-B31D-BC3F-AF47-26F2DB72F1FA}.Release|Any CPU.Build.0 = Release|Any CPU
		{1866BD72-6981-B1A7-A22E-614404686DAD}.Debug|Any CPU.ActiveCfg = Debug|Any CPU
		{1866BD72-6981-B1A7-A22E-614404686DAD}.Debug|Any CPU.Build.0 = Debug|Any CPU
		{1866BD72-6981-B1A7-A22E-614404686DAD}.Release|Any CPU.ActiveCfg = Release|Any CPU
		{1866BD72-6981-B1A7-A22E-614404686DAD}.Release|Any CPU.Build.0 = Release|Any CPU
		{99A0BB26-2B61-ED74-9EF3-F5DEBEC8DAA3}.Debug|Any CPU.ActiveCfg = Debug|Any CPU
		{99A0BB26-2B61-ED74-9EF3-F5DEBEC8DAA3}.Debug|Any CPU.Build.0 = Debug|Any CPU
		{99A0BB26-2B61-ED74-9EF3-F5DEBEC8DAA3}.Release|Any CPU.ActiveCfg = Release|Any CPU
		{99A0BB26-2B61-ED74-9EF3-F5DEBEC8DAA3}.Release|Any CPU.Build.0 = Release|Any CPU
		{5CE83C4D-1C1D-421D-A163-B56AFF4F3700}.Debug|Any CPU.ActiveCfg = Debug|Any CPU
		{5CE83C4D-1C1D-421D-A163-B56AFF4F3700}.Debug|Any CPU.Build.0 = Debug|Any CPU
		{5CE83C4D-1C1D-421D-A163-B56AFF4F3700}.Release|Any CPU.ActiveCfg = Release|Any CPU
		{5CE83C4D-1C1D-421D-A163-B56AFF4F3700}.Release|Any CPU.Build.0 = Release|Any CPU
		{AC6031B6-C54F-1A39-CDC0-F04F0A8A8AF6}.Debug|Any CPU.ActiveCfg = Debug|Any CPU
		{AC6031B6-C54F-1A39-CDC0-F04F0A8A8AF6}.Debug|Any CPU.Build.0 = Debug|Any CPU
		{AC6031B6-C54F-1A39-CDC0-F04F0A8A8AF6}.Release|Any CPU.ActiveCfg = Release|Any CPU
		{AC6031B6-C54F-1A39-CDC0-F04F0A8A8AF6}.Release|Any CPU.Build.0 = Release|Any CPU
	EndGlobalSection
	GlobalSection(SolutionProperties) = preSolution
		HideSolutionNode = FALSE
	EndGlobalSection
	GlobalSection(NestedProjects) = preSolution
		{741B4B1E-89E4-434C-8867-6129838AFD51} = {A5A52329-49D0-4CE0-BA3E-DBD2BA90988F}
		{1DC4C439-A8A6-4A11-AB3B-A88DCBA05449} = {A5A52329-49D0-4CE0-BA3E-DBD2BA90988F}
		{4B8D3F73-BBD2-4057-B86B-8B73B957DC0F} = {A5A52329-49D0-4CE0-BA3E-DBD2BA90988F}
		{3F81F76D-F0F3-44FE-A256-40AF153C33F7} = {A5A52329-49D0-4CE0-BA3E-DBD2BA90988F}
		{6E0E6284-13FF-4DC7-8FC2-B6D756EAF1FD} = {A5A52329-49D0-4CE0-BA3E-DBD2BA90988F}
		{8FB8B257-C091-4C41-B221-75C37B68CD8F} = {A5A52329-49D0-4CE0-BA3E-DBD2BA90988F}
		{90BBD6EF-F386-4F47-88CD-BF386C7D1705} = {A5A52329-49D0-4CE0-BA3E-DBD2BA90988F}
		{6B3E56F7-C567-463C-9746-0244FD959322} = {A5A52329-49D0-4CE0-BA3E-DBD2BA90988F}
		{7AE82BAB-5F52-427A-8F6F-DA829261FF9C} = {A5A52329-49D0-4CE0-BA3E-DBD2BA90988F}
		{6D0D985D-B256-4208-9E78-77897D461698} = {A5A52329-49D0-4CE0-BA3E-DBD2BA90988F}
		{E37F98D7-C4E8-4556-B322-AEF99638ECE1} = {A5A52329-49D0-4CE0-BA3E-DBD2BA90988F}
		{73509F44-3566-4B79-BB47-C7C6E2AA2351} = {F2A58A8B-F174-48E0-BE84-F221C705CE27}
		{7A3FA1D0-1B03-49CB-9E1B-B9DBF27D74B1} = {F2A58A8B-F174-48E0-BE84-F221C705CE27}
		{476EE43E-E93B-4019-B8B7-AD52C4216456} = {F2A58A8B-F174-48E0-BE84-F221C705CE27}
		{ACD26013-5730-4CAF-9468-3BAAE867A8A2} = {F2A58A8B-F174-48E0-BE84-F221C705CE27}
		{63486463-8AEE-483E-862A-7720CD62B4DF} = {F2A58A8B-F174-48E0-BE84-F221C705CE27}
		{CF09A088-6F64-4FA3-8FF8-E5B39F8BB0E6} = {9E8F9D1A-DEF1-4FA1-8DE9-0A82B7BC99D9}
		{BA9476CF-99BA-4D03-92F2-73D2C5E58883} = {9E8F9D1A-DEF1-4FA1-8DE9-0A82B7BC99D9}
		{E442B4FA-5F28-40AC-92C2-2979786418D3} = {9E8F9D1A-DEF1-4FA1-8DE9-0A82B7BC99D9}
		{BF257928-8B5D-4371-BD03-C18DA71918C3} = {9E8F9D1A-DEF1-4FA1-8DE9-0A82B7BC99D9}
		{6D75E618-19CA-4C51-9546-F10965FBC0B8} = {9E8F9D1A-DEF1-4FA1-8DE9-0A82B7BC99D9}
		{D93291EF-3419-412E-BC56-376BD6A02224} = {9E8F9D1A-DEF1-4FA1-8DE9-0A82B7BC99D9}
		{2ACF610C-9188-4F16-A611-577C1223DD90} = {9E8F9D1A-DEF1-4FA1-8DE9-0A82B7BC99D9}
		{09C41A48-7BF3-4A46-9EB8-CE95B4C27CA9} = {9E8F9D1A-DEF1-4FA1-8DE9-0A82B7BC99D9}
		{7DE47032-A904-4C29-BD22-2D235E8D91BA} = {9E8F9D1A-DEF1-4FA1-8DE9-0A82B7BC99D9}
		{9DE8C1A3-25EB-4FD7-A0B6-34720AD48B47} = {9E8F9D1A-DEF1-4FA1-8DE9-0A82B7BC99D9}
		{46474D32-2E58-6957-6E64-6F7773324D47} = {753EFCC6-42AB-433E-A013-B7B5D1FE50E0}
		{4243474D-572E-6E69-646F-77734D474342} = {753EFCC6-42AB-433E-A013-B7B5D1FE50E0}
		{5212C44E-1573-43C2-85E8-5751A12FBBFD} = {753EFCC6-42AB-433E-A013-B7B5D1FE50E0}
		{DED2DDB6-D4BE-B1B4-2E54-657374732E57} = {94670BA5-3B36-4EBA-A3E0-27912F6BD11A}
		{DED2DDB6-D4BE-656D-2E54-657374732E57} = {94670BA5-3B36-4EBA-A3E0-27912F6BD11A}
		{3472997A-CD26-4D0D-B64A-795F913E6777} = {9E8F9D1A-DEF1-4FA1-8DE9-0A82B7BC99D9}
		{E7A911B6-303B-F8BF-1F0B-C7D9A9022DBF} = {02EA681E-C7D8-13C7-8484-4AC65E1B71E8}
		{B499F1F9-EAE6-9C74-A414-2802E203A6D8} = {02EA681E-C7D8-13C7-8484-4AC65E1B71E8}
		{67870835-B31D-BC3F-AF47-26F2DB72F1FA} = {02EA681E-C7D8-13C7-8484-4AC65E1B71E8}
		{1866BD72-6981-B1A7-A22E-614404686DAD} = {02EA681E-C7D8-13C7-8484-4AC65E1B71E8}
		{99A0BB26-2B61-ED74-9EF3-F5DEBEC8DAA3} = {02EA681E-C7D8-13C7-8484-4AC65E1B71E8}
		{5CE83C4D-1C1D-421D-A163-B56AFF4F3700} = {02EA681E-C7D8-13C7-8484-4AC65E1B71E8}
		{AC6031B6-C54F-1A39-CDC0-F04F0A8A8AF6} = {02EA681E-C7D8-13C7-8484-4AC65E1B71E8}
	EndGlobalSection
	GlobalSection(ExtensibilityGlobals) = postSolution
		SolutionGuid = {48F20664-456B-4FE0-AE0A-7F5AC695B13C}
	EndGlobalSection
EndGlobal
